
Microsoft Visual Studio Solution File, Format Version 12.00
# Visual Studio Version 17
VisualStudioVersion = 17.7.34221.43
MinimumVisualStudioVersion = 10.0.40219.1
Project("{9A19103F-16F7-4668-BE54-9A1E7A4F7556}") = "BookListRazor", "BookListRazor\BookListRazor.csproj", "{9EC14DED-F7D9-461A-827D-CBA40BF4B09F}"
EndProject
Global
	GlobalSection(SolutionConfigurationPlatforms) = preSolution
		Debug|Any CPU = Debug|Any CPU
		Release|Any CPU = Release|Any CPU
	EndGlobalSection
	GlobalSection(ProjectConfigurationPlatforms) = postSolution
		{9EC14DED-F7D9-461A-827D-CBA40BF4B09F}.Debug|Any CPU.ActiveCfg = Debug|Any CPU
		{9EC14DED-F7D9-461A-827D-CBA40BF4B09F}.Debug|Any CPU.Build.0 = Debug|Any CPU
		{9EC14DED-F7D9-461A-827D-CBA40BF4B09F}.Release|Any CPU.ActiveCfg = Release|Any CPU
		{9EC14DED-F7D9-461A-827D-CBA40BF4B09F}.Release|Any CPU.Build.0 = Release|Any CPU
	EndGlobalSection
	GlobalSection(SolutionProperties) = preSolution
		HideSolutionNode = FALSE
	EndGlobalSection
	GlobalSection(ExtensibilityGlobals) = postSolution
		SolutionGuid = {C3240323-6907-43F2-8673-BEE4625B49B0}
	EndGlobalSection
EndGlobal
